Microsoft Visual Studio Solution File, Format Version 12.00
# Visual Studio Version 17
VisualStudioVersion = 17.5.2.0
MinimumVisualStudioVersion = 10.0.40219.1
Project("{FAE04EC0-301F-11D3-BF4B-00C04F79EFBC}") = "aritmetik", "aritmetik.csproj", "{48BBD93E-1F9A-F494-31E8-746C06BADA7D}"
EndProject
Global
	GlobalSection(SolutionConfigurationPlatforms) = preSolution
		Debug|Any CPU = Debug|Any CPU
		Release|Any CPU = Release|Any CPU
	EndGlobalSection
	GlobalSection(ProjectConfigurationPlatforms) = postSolution
		{48BBD93E-1F9A-F494-31E8-746C06BADA7D}.Debug|Any CPU.ActiveCfg = Debug|Any CPU
		{48BBD93E-1F9A-F494-31E8-746C06BADA7D}.Debug|Any CPU.Build.0 = Debug|Any CPU
		{48BBD93E-1F9A-F494-31E8-746C06BADA7D}.Release|Any CPU.ActiveCfg = Release|Any CPU
		{48BBD93E-1F9A-F494-31E8-746C06BADA7D}.Release|Any CPU.Build.0 = Release|Any CPU
	EndGlobalSection
	GlobalSection(SolutionProperties) = preSolution
		HideSolutionNode = FALSE
	EndGlobalSection
	GlobalSection(ExtensibilityGlobals) = postSolution
		SolutionGuid = {AE00C750-1CE3-4378-94D1-108484CF69BD}
	EndGlobalSection
EndGlobal
